{
    "_meta": {
        "hash": {
            "sha256": "c72ceb82d338902b217b85e70b76fac278a245aab38826b5b1944d46b308439f"
        },
        "pipfile-spec": 6,
        "requires": {
            "python_version": "3.8"
        },
        "sources": [
            {
                "name": "pypi",
                "url": "https://pypi.org/simple",
                "verify_ssl": true
            }
        ]
    },
    "default": {
        "asgiref": {
            "hashes": [
                "sha256:45a429524fba18aba9d512498b19d220c4d628e75b40cf5c627524dbaebc5cc1",
                "sha256:fddeea3c53fa99d0cdb613c3941cc6e52d822491fc2753fba25768fb5bf4e865"
            ],
            "markers": "python_version >= '3.7'",
            "version": "==3.5.1"
        },
        "django": {
            "hashes": [
                "sha256:32ce792ee9b6a0cbbec340123e229ac9f765dff8c2a4ae9247a14b2ba3a365a7",
                "sha256:baf099db36ad31f970775d0be5587cc58a6256a6771a44eb795b554d45f211b8"
            ],
            "index": "pypi",
            "version": "==3.1.7"
        },
        "djangorestframework": {
            "hashes": [
                "sha256:0209bafcb7b5010fdfec784034f059d512256424de2a0f084cb82b096d6dd6a7",
                "sha256:0898182b4737a7b584a2c73735d89816343369f259fea932d90dc78e35d8ac33"
            ],
            "index": "pypi",
            "version": "==3.12.2"
        },
        "python-dotenv": {
            "hashes": [
                "sha256:0c8d1b80d1a1e91717ea7d526178e3882732420b03f08afea0406db6402e220e",
                "sha256:587825ed60b1711daea4832cf37524dfd404325b7db5e25ebe88c495c9f807a0"
            ],
            "index": "pypi",
            "version": "==0.15.0"
        },
        "pytz": {
            "hashes": [
                "sha256:1e760e2fe6a8163bc0b3d9a19c4f84342afa0a2affebfaa84b01b978a02ecaa7",
                "sha256:e68985985296d9a66a881eb3193b0906246245294a881e7c8afe623866ac6a5c"
            ],
            "version": "==2022.1"
        },
        "sqlparse": {
            "hashes": [
                "sha256:0c00730c74263a94e5a9919ade150dfc3b19c574389985446148402998287dae",
                "sha256:48719e356bb8b42991bdbb1e8b83223757b93789c00910a616a071910ca4a64d"
            ],
            "index": "pypi",
            "version": "==0.4.2"
        }
    },
    "develop": {}
}
